
Microsoft Visual Studio Solution File, Format Version 12.00
# Visual Studio Version 16
VisualStudioVersion = 16.0.30204.135
MinimumVisualStudioVersion = 10.0.40219.1
Project("{FAE04EC0-301F-11D3-BF4B-00C04F79EFBC}") = "BlazorApp2", "BlazorApp2.csproj", "{BB314976-85A7-46A9-960C-BF75525A6427}"
EndProject
Global
	GlobalSection(SolutionConfigurationPlatforms) = preSolution
		Debug|Any CPU = Debug|Any CPU
		Release|Any CPU = Release|Any CPU
	EndGlobalSection
	GlobalSection(ProjectConfigurationPlatforms) = postSolution
		{BB314976-85A7-46A9-960C-BF75525A6427}.Debug|Any CPU.ActiveCfg = Debug|Any CPU
		{BB314976-85A7-46A9-960C-BF75525A6427}.Debug|Any CPU.Build.0 = Debug|Any CPU
		{BB314976-85A7-46A9-960C-BF75525A6427}.Release|Any CPU.ActiveCfg = Release|Any CPU
		{BB314976-85A7-46A9-960C-BF75525A6427}.Release|Any CPU.Build.0 = Release|Any CPU
	EndGlobalSection
	GlobalSection(SolutionProperties) = preSolution
		HideSolutionNode = FALSE
	EndGlobalSection
	GlobalSection(ExtensibilityGlobals) = postSolution
		SolutionGuid = {FCBF919B-A9C6-4DC1-BB07-1989F4E599A1}
	EndGlobalSection
EndGlobal
