
Microsoft Visual Studio Solution File, Format Version 12.00
# Visual Studio Version 16
VisualStudioVersion = 16.0.30204.135
MinimumVisualStudioVersion = 10.0.40219.1
Project("{FAE04EC0-301F-11D3-BF4B-00C04F79EFBC}") = "BlazorApp1", "BlazorApp1.csproj", "{0228F470-163C-4924-BF35-660DF63C363B}"
EndProject
Global
	GlobalSection(SolutionConfigurationPlatforms) = preSolution
		Debug|Any CPU = Debug|Any CPU
		Release|Any CPU = Release|Any CPU
	EndGlobalSection
	GlobalSection(ProjectConfigurationPlatforms) = postSolution
		{0228F470-163C-4924-BF35-660DF63C363B}.Debug|Any CPU.ActiveCfg = Debug|Any CPU
		{0228F470-163C-4924-BF35-660DF63C363B}.Debug|Any CPU.Build.0 = Debug|Any CPU
		{0228F470-163C-4924-BF35-660DF63C363B}.Release|Any CPU.ActiveCfg = Release|Any CPU
		{0228F470-163C-4924-BF35-660DF63C363B}.Release|Any CPU.Build.0 = Release|Any CPU
	EndGlobalSection
	GlobalSection(SolutionProperties) = preSolution
		HideSolutionNode = FALSE
	EndGlobalSection
	GlobalSection(ExtensibilityGlobals) = postSolution
		SolutionGuid = {70F126F7-1254-46B4-A205-1D3D3019C168}
	EndGlobalSection
EndGlobal
